{
  "version": 4,
  "terraform_version": "1.5.6",
  "serial": 17,
  "lineage": "4e05f3b6-f21b-2a2a-5231-12e61bd61bae",
  "outputs": {},
  "resources": [
    {
      "mode": "managed",
      "type": "google_container_cluster",
      "name": "primary",
      "provider": "provider[\"registry.terraform.io/hashicorp/google\"]",
      "instances": [
        {
          "schema_version": 1,
          "attributes": {
            "addons_config": [
              {
                "cloudrun_config": [],
                "config_connector_config": [],
                "dns_cache_config": [],
                "gce_persistent_disk_csi_driver_config": [
                  {
                    "enabled": true
                  }
                ],
                "gcp_filestore_csi_driver_config": [],
                "gke_backup_agent_config": [],
                "horizontal_pod_autoscaling": [],
                "http_load_balancing": [],
                "network_policy_config": [
                  {
                    "disabled": true
                  }
                ]
              }
            ],
            "authenticator_groups_config": [],
            "binary_authorization": [
              {
                "enabled": false,
                "evaluation_mode": ""
              }
            ],
            "cluster_autoscaling": [
              {
                "auto_provisioning_defaults": [],
                "enabled": false,
                "resource_limits": []
              }
            ],
            "cluster_ipv4_cidr": "10.0.0.0/14",
            "confidential_nodes": [],
            "cost_management_config": [],
            "database_encryption": [
              {
                "key_name": "",
                "state": "DECRYPTED"
              }
            ],
            "datapath_provider": "",
            "default_max_pods_per_node": null,
            "default_snat_status": [
              {
                "disabled": false
              }
            ],
            "description": "",
            "dns_config": [],
            "enable_autopilot": false,
            "enable_binary_authorization": false,
            "enable_intranode_visibility": false,
            "enable_kubernetes_alpha": false,
            "enable_l4_ilb_subsetting": false,
            "enable_legacy_abac": false,
            "enable_shielded_nodes": true,
            "enable_tpu": false,
            "endpoint": "34.165.24.190",
            "gateway_api_config": [],
            "id": "projects/pypet-k8/locations/me-west1-c/clusters/gke-cluster-pypet",
            "initial_node_count": 1,
            "ip_allocation_policy": [],
            "label_fingerprint": "a9dc16a7",
            "location": "me-west1-c",
            "logging_config": [
              {
                "enable_components": [
                  "SYSTEM_COMPONENTS",
                  "WORKLOADS"
                ]
              }
            ],
            "logging_service": "logging.googleapis.com/kubernetes",
            "maintenance_policy": [],
            "master_auth": [
              {
                "client_certificate": "",
                "client_certificate_config": [
                  {
                    "issue_client_certificate": false
                  }
                ],
                "client_key": "",
                "cluster_ca_certificate": "LS0tLS1CRUdJTiBDRVJUSUZJQ0FURS0tLS0tCk1JSUVMRENDQXBTZ0F3SUJBZ0lRQW1FcW1Ya0RKMkxndWNJSE5wQzM5ekFOQmdrcWhraUc5dzBCQVFzRkFEQXYKTVMwd0t3WURWUVFERXlRM01qQTRaV1ExTnkxaFltSmlMVFJpWmpndE9HTmtaaTFtTXpWak5XVTBZalZpWkRJdwpJQmNOTWpNd09URXlNakF3TVRVeldoZ1BNakExTXpBNU1EUXlNVEF4TlROYU1DOHhMVEFyQmdOVkJBTVRKRGN5Ck1EaGxaRFUzTFdGaVltSXROR0ptT0MwNFkyUm1MV1l6TldNMVpUUmlOV0prTWpDQ0FhSXdEUVlKS29aSWh2Y04KQVFFQkJRQURnZ0dQQURDQ0FZb0NnZ0dCQUtOVWovVEFFUjB4ZUxGRVpxQXE1YWlsUnVMbTM5L0JnanlJeGREeQpvb0taNFFlTlhxRDlUTndOT0sxRGdkSzV4aEZVbW1DRndvaGFyVW5BVzVtL0RBY09mMUVUSW9PVnkyVm1TaWtXCkk5bDA0N213UWtiWVRsSm1yQTBHZGlqLzBnQjIrcE9zd3dkZkRxd3N3ejhQa09wVHJodUtHY2xsZHJaUlJnb0oKUjBuaGFLeFU4VWFwS25OMzhoN2RRV28xazNZRDIxa2NqUktHbmRQOFp3RnViMDJwMUplUnEyTEJ3RjVlY3NzdApianF2YlBNazlhR1NJbHphMGRyYWhTVHNHc3h6Y2UwVzM0SUt0Mkdrd1ZvejNIZnpRcnI3dTl3MTBOYW5BT21RCjNqUUpoQlAxWVBWSExsVnM0djRFRFVlNnpMMFlITDlIODNZdUNNSGhTVEVjQ24wQy9JRVBtOVpWOE1hK1VLcXYKenlCMzlySnROSGZxMU9kekJkL015R0xCYlBlbEUyaitDUXNuT0czYTd1WjRSNmhwemZtcHl5bTBQdVEvdEZXdApGbnoxRnVGOG5GOEczY204Z0F6QXdlaVBQem42amcwNGUxdmFwYXdyNGNGN2U3MkFCSGJzWW90eHlvaDRWYk1GCk9RZDczREtpKzV2TVpsRlBkbG1mTDg5c3l3SURBUUFCbzBJd1FEQU9CZ05WSFE4QkFmOEVCQU1DQWdRd0R3WUQKVlIwVEFRSC9CQVV3QXdFQi96QWRCZ05WSFE0RUZnUVVwWEd4MDVPM05vVzhNNVZOazlZbVhxdkx0WTh3RFFZSgpLb1pJaHZjTkFRRUxCUUFEZ2dHQkFIV2tQbU5sdCs0R2gwSXRKTWdiQnk4WjczS1hQMDdNdUo4Rk9VVlgzeWsxCm1IYUxEUTVSWWo1dEVQSFB1WnlLZ3JFem0xVWwycXJwNS9lQ3RGK1hrR1FCRXpRcDVXQlB4S2huK2Y0WXZKMGkKaXlOaDFLNGcyYU9TU3BJL1VTNlFVQ2pFQmtzanJPN2FjMWdGTWUwZk1lUVY2UmJGT1JBaDhlRnM3N0g1VDhWcQpISTI3ZFlCTXFTZ25qNlRjM3NNd2ZFTGFZOUJheldYcHlUUkNJNnlqKzRrODlQdlZnVjBqSUk4NU01V2RoVzRICk42ellRU2JQK0xzeWpyc2YxVHNHaXh1OUhVanNiZ0NMUjBoTTdpdlVMazlDWlorT1lpNTlHbVpmL3psTjZhVmsKZUVwdS91V3hZWlBLRVdQOW5ZZEE4Z1JDOEJwUHdwMnUreHovaWdyRDJDTTJjTHdvd2NVS1oxcEV4YjEwMUpqMApiZ2hNeW11MzRieTREbTI2WU9aUE5HNDZUV2NReUxqenlEa3I0TEZvRnM4YjVyT1pLT3hkT1AwWUMwQTQxMHN3CnVFcU5GTDc0ODY5L0R2VW1hSGs2Y0cvQmlhZHRLSmhTcUVlekIvVWNMZytmWThBcldRSU5VOHhxV2dwNCtCWHQKeG9URkxyMnRMbTNySm5BTUlvaXcwZz09Ci0tLS0tRU5EIENFUlRJRklDQVRFLS0tLS0K"
              }
            ],
            "master_authorized_networks_config": [],
            "master_version": "1.27.3-gke.100",
            "mesh_certificates": [],
            "min_master_version": null,
            "monitoring_config": [
              {
                "enable_components": [
                  "SYSTEM_COMPONENTS"
                ],
                "managed_prometheus": [
                  {
                    "enabled": true
                  }
                ]
              }
            ],
            "monitoring_service": "monitoring.googleapis.com/kubernetes",
            "name": "gke-cluster-pypet",
            "network": "projects/pypet-k8/global/networks/default",
            "network_policy": [
              {
                "enabled": false,
                "provider": "PROVIDER_UNSPECIFIED"
              }
            ],
            "networking_mode": "ROUTES",
            "node_config": [],
            "node_locations": [],
            "node_pool": [],
            "node_pool_defaults": [
              {
                "node_config_defaults": [
                  {
                    "logging_variant": "DEFAULT"
                  }
                ]
              }
            ],
            "node_version": "1.27.3-gke.100",
            "notification_config": [
              {
                "pubsub": [
                  {
                    "enabled": false,
                    "filter": [],
                    "topic": ""
                  }
                ]
              }
            ],
            "operation": null,
            "private_cluster_config": [
              {
                "enable_private_endpoint": false,
                "enable_private_nodes": false,
                "master_global_access_config": [
                  {
                    "enabled": false
                  }
                ],
                "master_ipv4_cidr_block": "",
                "peering_name": "",
                "private_endpoint": "10.208.0.9",
                "private_endpoint_subnetwork": "",
                "public_endpoint": "34.165.24.190"
              }
            ],
            "private_ipv6_google_access": "",
            "project": "pypet-k8",
            "release_channel": [
              {
                "channel": "REGULAR"
              }
            ],
            "remove_default_node_pool": true,
            "resource_labels": null,
            "resource_usage_export_config": [],
            "self_link": "https://container.googleapis.com/v1/projects/pypet-k8/zones/me-west1-c/clusters/gke-cluster-pypet",
            "service_external_ips_config": [
              {
                "enabled": false
              }
            ],
            "services_ipv4_cidr": "10.3.240.0/20",
            "subnetwork": "projects/pypet-k8/regions/me-west1/subnetworks/default",
            "timeouts": null,
            "tpu_ipv4_cidr_block": "",
            "vertical_pod_autoscaling": [],
            "workload_identity_config": []
          },
          "sensitive_attributes": [],
          "private": "eyJlMmJmYjczMC1lY2FhLTExZTYtOGY4OC0zNDM2M2JjN2M0YzAiOnsiY3JlYXRlIjoyNDAwMDAwMDAwMDAwLCJkZWxldGUiOjI0MDAwMDAwMDAwMDAsInJlYWQiOjI0MDAwMDAwMDAwMDAsInVwZGF0ZSI6MzYwMDAwMDAwMDAwMH0sInNjaGVtYV92ZXJzaW9uIjoiMSJ9"
        }
      ]
    },
    {
      "mode": "managed",
      "type": "google_container_node_pool",
      "name": "primary_nodes",
      "provider": "provider[\"registry.terraform.io/hashicorp/google\"]",
      "instances": [
        {
          "schema_version": 1,
          "attributes": {
            "autoscaling": [],
            "cluster": "gke-cluster-pypet",
            "id": "projects/pypet-k8/locations/me-west1-c/clusters/gke-cluster-pypet/nodePools/gke-node-pypet",
            "initial_node_count": 1,
            "instance_group_urls": [
              "https://www.googleapis.com/compute/v1/projects/pypet-k8/zones/me-west1-c/instanceGroupManagers/gke-gke-cluster-pypet-gke-node-pypet-be9cdf89-grp"
            ],
            "location": "me-west1-c",
            "managed_instance_group_urls": [
              "https://www.googleapis.com/compute/v1/projects/pypet-k8/zones/me-west1-c/instanceGroups/gke-gke-cluster-pypet-gke-node-pypet-be9cdf89-grp"
            ],
            "management": [
              {
                "auto_repair": true,
                "auto_upgrade": true
              }
            ],
            "max_pods_per_node": null,
            "name": "gke-node-pypet",
            "name_prefix": "",
            "network_config": [
              {
                "create_pod_range": false,
                "enable_private_nodes": false,
                "pod_ipv4_cidr_block": "",
                "pod_range": ""
              }
            ],
            "node_config": [
              {
                "boot_disk_kms_key": "",
                "disk_size_gb": 100,
                "disk_type": "pd-balanced",
                "gcfs_config": [],
                "guest_accelerator": [],
                "gvnic": [],
                "image_type": "COS_CONTAINERD",
                "kubelet_config": [],
                "labels": {},
                "linux_node_config": [],
                "local_ssd_count": 0,
                "logging_variant": "DEFAULT",
                "machine_type": "e2-medium",
                "metadata": {
                  "disable-legacy-endpoints": "true"
                },
                "min_cpu_platform": "",
                "node_group": "",
                "oauth_scopes": [
                  "https://www.googleapis.com/auth/logging.write",
                  "https://www.googleapis.com/auth/monitoring"
                ],
                "preemptible": true,
                "reservation_affinity": [],
                "resource_labels": null,
                "service_account": "pypet-admin@pypet-k8.iam.gserviceaccount.com",
                "shielded_instance_config": [
                  {
                    "enable_integrity_monitoring": true,
                    "enable_secure_boot": false
                  }
                ],
                "spot": false,
                "tags": null,
                "taint": [],
                "workload_metadata_config": []
              }
            ],
            "node_count": 1,
            "node_locations": [
              "me-west1-c"
            ],
            "operation": null,
            "placement_policy": [],
            "project": "pypet-k8",
            "timeouts": null,
            "upgrade_settings": [
              {
                "blue_green_settings": [],
                "max_surge": 1,
                "max_unavailable": 0,
                "strategy": "SURGE"
              }
            ],
            "version": "1.27.3-gke.100"
          },
          "sensitive_attributes": [],
          "private": "eyJlMmJmYjczMC1lY2FhLTExZTYtOGY4OC0zNDM2M2JjN2M0YzAiOnsiY3JlYXRlIjoxODAwMDAwMDAwMDAwLCJkZWxldGUiOjE4MDAwMDAwMDAwMDAsInVwZGF0ZSI6MTgwMDAwMDAwMDAwMH0sInNjaGVtYV92ZXJzaW9uIjoiMSJ9",
          "dependencies": [
            "google_container_cluster.primary"
          ]
        }
      ]
    }
  ],
  "check_results": null
}
