{
  "version": 4,
  "terraform_version": "1.5.6",
  "serial": 12,
  "lineage": "4e05f3b6-f21b-2a2a-5231-12e61bd61bae",
  "outputs": {},
  "resources": [
    {
      "mode": "managed",
      "type": "google_container_cluster",
      "name": "primary",
      "provider": "provider[\"registry.terraform.io/hashicorp/google\"]",
      "instances": [
        {
          "schema_version": 1,
          "attributes": {
            "addons_config": [
              {
                "cloudrun_config": [],
                "config_connector_config": [],
                "dns_cache_config": [],
                "gce_persistent_disk_csi_driver_config": [
                  {
                    "enabled": true
                  }
                ],
                "gcp_filestore_csi_driver_config": [],
                "gke_backup_agent_config": [],
                "horizontal_pod_autoscaling": [],
                "http_load_balancing": [],
                "network_policy_config": [
                  {
                    "disabled": true
                  }
                ]
              }
            ],
            "authenticator_groups_config": [],
            "binary_authorization": [
              {
                "enabled": false,
                "evaluation_mode": ""
              }
            ],
            "cluster_autoscaling": [
              {
                "auto_provisioning_defaults": [],
                "enabled": false,
                "resource_limits": []
              }
            ],
            "cluster_ipv4_cidr": "10.0.0.0/14",
            "confidential_nodes": [],
            "cost_management_config": [],
            "database_encryption": [
              {
                "key_name": "",
                "state": "DECRYPTED"
              }
            ],
            "datapath_provider": "",
            "default_max_pods_per_node": null,
            "default_snat_status": [
              {
                "disabled": false
              }
            ],
            "description": "",
            "dns_config": [],
            "enable_autopilot": false,
            "enable_binary_authorization": false,
            "enable_intranode_visibility": false,
            "enable_kubernetes_alpha": false,
            "enable_l4_ilb_subsetting": false,
            "enable_legacy_abac": false,
            "enable_shielded_nodes": true,
            "enable_tpu": false,
            "endpoint": "34.165.199.94",
            "gateway_api_config": [],
            "id": "projects/pypet-k8/locations/me-west1-c/clusters/gke-cluster-pypet",
            "initial_node_count": 1,
            "ip_allocation_policy": [],
            "label_fingerprint": "a9dc16a7",
            "location": "me-west1-c",
            "logging_config": [
              {
                "enable_components": [
                  "SYSTEM_COMPONENTS",
                  "WORKLOADS"
                ]
              }
            ],
            "logging_service": "logging.googleapis.com/kubernetes",
            "maintenance_policy": [],
            "master_auth": [
              {
                "client_certificate": "",
                "client_certificate_config": [
                  {
                    "issue_client_certificate": false
                  }
                ],
                "client_key": "",
                "cluster_ca_certificate": "LS0tLS1CRUdJTiBDRVJUSUZJQ0FURS0tLS0tCk1JSUVMRENDQXBTZ0F3SUJBZ0lRR0RJMHpQMHlyc2dUQzA2UGZpVmNDekFOQmdrcWhraUc5dzBCQVFzRkFEQXYKTVMwd0t3WURWUVFERXlSaVpqa3dZVFEwWVMweU1XVXdMVFJsTTJZdFlUWmxOQzAyWWpRM1pUVm1OVGcxTW1RdwpJQmNOTWpNd09URXlNVGd4T1RJeldoZ1BNakExTXpBNU1EUXhPVEU1TWpOYU1DOHhMVEFyQmdOVkJBTVRKR0ptCk9UQmhORFJoTFRJeFpUQXROR1V6WmkxaE5tVTBMVFppTkRkbE5XWTFPRFV5WkRDQ0FhSXdEUVlKS29aSWh2Y04KQVFFQkJRQURnZ0dQQURDQ0FZb0NnZ0dCQUlIQW9FV1VwVkNlM2E5Rm1mdzViREQrL1o2d0d2UHpheFhIbytQZApKUDhGdjdrY1VEWnhSNHJXSFdSS0o2QklPR3YwVzZzWGkzMVlqTU1taHZHWGVIdGFMTVc5WXFJc0ZOQUZoaEkzCjgxWE1RRWt0VUJkK3lMbmVmRDUyemI5M2dVZllKQUY1clR5VXU4eUM1WXlJWi9JdWhtcEJaUjFNU1VLbWFMTlMKY2JQUUpxWTAwekIzNERUSlBLdGNPWGNKVmRFYVlkdHB4UkpBaVdPbWIyVG4vQ1k1TFgvaE5Bb21pWlo5L1NTdwpMM0syejdBVEtMR2tzZ3dUWnhGWlV0ZTNGZmlWQW9DYUgyWWJXYkpvL1VOVHJaWjRHcVFON1FVRDJEK0RaaFZzCk95TDV1U1VKSnhqaEZBOGJTQ0NuRFFmZ0VIamtlRmpIZGI2aUEwcnpGdDBiRXUwOTlGV2twS1RRai9vM1RhQSsKUklXZVQxSW5kYlJZdXU1ampkZWtOLzU1bGh2RHk3R2hhM0xNMGQ2bjhMdkg0aTUyeE9pWTZrTTdxY3dnWTA3dwoxb0lvVHVISTlUYVhCV1laSmhtMFFiMzZaYlQzSW5aRDBBVkg0UTZrejdQWjBlYUIrTXdnT0MzdjNydWFRcWVrCnhrWTFCbmJiRVArVmU1dFpoSWdlRXYvSUZRSURBUUFCbzBJd1FEQU9CZ05WSFE4QkFmOEVCQU1DQWdRd0R3WUQKVlIwVEFRSC9CQVV3QXdFQi96QWRCZ05WSFE0RUZnUVVKQk5BVlVPbXJJYS9VRTNRYlpmV3JZUWdocTh3RFFZSgpLb1pJaHZjTkFRRUxCUUFEZ2dHQkFHTEMzeEFDNm5iYXhmOStrM1ZucFdUTlYxZlk4RXRkb0REZ3BTYitZSU40CjJTYXF5cFFpRWw2SDM1dHBNM3RabWJML1RIMGMyVmJvc1plS2xIRlUvSWRHV2RLL3paeVovZjJrK0FEbHVhL1oKSWMvMlEvUHFHb3RjV2ZDdVc1M3YrS2pabTRXYnV4cXlkejMzbWkxYkdNek84WC9DR0todnhsTFprTVkrRVV4TQpmQnR3Mm92SXRXTzFzdkNmTkRJVGZWaDNYc3dDWERLN2t1akFvOVNibjYrbVJnVHBwR21obFltVGdKMHJYR1V0ClFSTUpHenJobnNPVnVaRDdDeFpJcGcwQTNTbjNpV25EZGdjbWUrMzhXZDAvcy9ubGJvV25vZXRISmR6MWx6QWEKcU5ibkNRWStGWHhTQmFHbHcyR0cwVnpoRXh6d3BEdGNkZzQ1c1lDaDhjR25GT3hZOFhUZ1EvWEdpTmMxUjUyeAphTkVrODZsTzlaRmpqcDAyQWNVdEx0KzNlN0NBOVhVT1UxV2xqanVFM2ZEbUpkOEJyTnZvVGZuRTRZTWkrTlBkCkNKRnQxNzV6WXdEU3ZiYmxCZmFTZ2UrWUVHTTVncUZNYUFpMG9ReFhvbG1jM05SNWZ2LzZvZlV6alZmRGo1T24Ka3VTS0ZkdmlsRW85d2tsNXFFUktOQT09Ci0tLS0tRU5EIENFUlRJRklDQVRFLS0tLS0K"
              }
            ],
            "master_authorized_networks_config": [],
            "master_version": "1.27.3-gke.100",
            "mesh_certificates": [],
            "min_master_version": null,
            "monitoring_config": [
              {
                "enable_components": [
                  "SYSTEM_COMPONENTS"
                ],
                "managed_prometheus": [
                  {
                    "enabled": true
                  }
                ]
              }
            ],
            "monitoring_service": "monitoring.googleapis.com/kubernetes",
            "name": "gke-cluster-pypet",
            "network": "projects/pypet-k8/global/networks/default",
            "network_policy": [
              {
                "enabled": false,
                "provider": "PROVIDER_UNSPECIFIED"
              }
            ],
            "networking_mode": "ROUTES",
            "node_config": [],
            "node_locations": [],
            "node_pool": [],
            "node_pool_defaults": [
              {
                "node_config_defaults": [
                  {
                    "logging_variant": "DEFAULT"
                  }
                ]
              }
            ],
            "node_version": "1.27.3-gke.100",
            "notification_config": [
              {
                "pubsub": [
                  {
                    "enabled": false,
                    "filter": [],
                    "topic": ""
                  }
                ]
              }
            ],
            "operation": null,
            "private_cluster_config": [
              {
                "enable_private_endpoint": false,
                "enable_private_nodes": false,
                "master_global_access_config": [
                  {
                    "enabled": false
                  }
                ],
                "master_ipv4_cidr_block": "",
                "peering_name": "",
                "private_endpoint": "10.208.0.6",
                "private_endpoint_subnetwork": "",
                "public_endpoint": "34.165.199.94"
              }
            ],
            "private_ipv6_google_access": "",
            "project": "pypet-k8",
            "release_channel": [
              {
                "channel": "REGULAR"
              }
            ],
            "remove_default_node_pool": true,
            "resource_labels": null,
            "resource_usage_export_config": [],
            "self_link": "https://container.googleapis.com/v1/projects/pypet-k8/zones/me-west1-c/clusters/gke-cluster-pypet",
            "service_external_ips_config": [
              {
                "enabled": false
              }
            ],
            "services_ipv4_cidr": "10.3.240.0/20",
            "subnetwork": "projects/pypet-k8/regions/me-west1/subnetworks/default",
            "timeouts": null,
            "tpu_ipv4_cidr_block": "",
            "vertical_pod_autoscaling": [],
            "workload_identity_config": []
          },
          "sensitive_attributes": [],
          "private": "eyJlMmJmYjczMC1lY2FhLTExZTYtOGY4OC0zNDM2M2JjN2M0YzAiOnsiY3JlYXRlIjoyNDAwMDAwMDAwMDAwLCJkZWxldGUiOjI0MDAwMDAwMDAwMDAsInJlYWQiOjI0MDAwMDAwMDAwMDAsInVwZGF0ZSI6MzYwMDAwMDAwMDAwMH0sInNjaGVtYV92ZXJzaW9uIjoiMSJ9"
        }
      ]
    },
    {
      "mode": "managed",
      "type": "google_container_node_pool",
      "name": "primary_nodes",
      "provider": "provider[\"registry.terraform.io/hashicorp/google\"]",
      "instances": [
        {
          "status": "tainted",
          "schema_version": 1,
          "attributes": {
            "autoscaling": [],
            "cluster": "gke-cluster-pypet",
            "id": "projects/pypet-k8/locations/me-west1-c/clusters/gke-cluster-pypet/nodePools/gke-node-pypet",
            "initial_node_count": null,
            "instance_group_urls": null,
            "location": null,
            "managed_instance_group_urls": null,
            "management": null,
            "max_pods_per_node": null,
            "name": "gke-node-pypet",
            "name_prefix": null,
            "network_config": null,
            "node_config": [
              {
                "boot_disk_kms_key": "",
                "disk_size_gb": 0,
                "disk_type": "",
                "gcfs_config": [],
                "guest_accelerator": [],
                "gvnic": [],
                "image_type": "",
                "kubelet_config": [],
                "labels": {},
                "linux_node_config": [],
                "local_ssd_count": 0,
                "logging_variant": "DEFAULT",
                "machine_type": "e2-medium",
                "metadata": {},
                "min_cpu_platform": "",
                "node_group": "",
                "oauth_scopes": [
                  "https://www.googleapis.com/auth/logging.write",
                  "https://www.googleapis.com/auth/monitoring"
                ],
                "preemptible": true,
                "reservation_affinity": [],
                "resource_labels": null,
                "service_account": "pypet-admin@pypet-k8.iam.gserviceaccount.com",
                "shielded_instance_config": [],
                "spot": false,
                "tags": null,
                "taint": [],
                "workload_metadata_config": []
              }
            ],
            "node_count": 1,
            "node_locations": [],
            "operation": null,
            "placement_policy": [],
            "project": null,
            "timeouts": null,
            "upgrade_settings": null,
            "version": null
          },
          "sensitive_attributes": [],
          "private": "eyJlMmJmYjczMC1lY2FhLTExZTYtOGY4OC0zNDM2M2JjN2M0YzAiOnsiY3JlYXRlIjoxODAwMDAwMDAwMDAwLCJkZWxldGUiOjE4MDAwMDAwMDAwMDAsInVwZGF0ZSI6MTgwMDAwMDAwMDAwMH0sInNjaGVtYV92ZXJzaW9uIjoiMSJ9",
          "dependencies": [
            "google_container_cluster.primary"
          ]
        }
      ]
    }
  ],
  "check_results": null
}
